
Microsoft Visual Studio Solution File, Format Version 12.00
# Visual Studio Version 17
VisualStudioVersion = 17.5.33209.295
MinimumVisualStudioVersion = 10.0.40219.1
Project("{9A19103F-16F7-4668-BE54-9A1E7A4F7556}") = "FoodDesire.Models", "FoodDesire.Models\FoodDesire.Models.csproj", "{927258F6-806F-4811-8B28-DCE5D4D0A214}"
EndProject
Project("{FAE04EC0-301F-11D3-BF4B-00C04F79EFBC}") = "FoodDesire.DAL", "FoodDesire.DAL\FoodDesire.DAL.csproj", "{F95CC0AC-82D2-4976-BF73-18175A8E3A8D}"
EndProject
Global
	GlobalSection(SolutionConfigurationPlatforms) = preSolution
		Debug|Any CPU = Debug|Any CPU
		Release|Any CPU = Release|Any CPU
	EndGlobalSection
	GlobalSection(ProjectConfigurationPlatforms) = postSolution
		{927258F6-806F-4811-8B28-DCE5D4D0A214}.Debug|Any CPU.ActiveCfg = Debug|Any CPU
		{927258F6-806F-4811-8B28-DCE5D4D0A214}.Debug|Any CPU.Build.0 = Debug|Any CPU
		{927258F6-806F-4811-8B28-DCE5D4D0A214}.Release|Any CPU.ActiveCfg = Release|Any CPU
		{927258F6-806F-4811-8B28-DCE5D4D0A214}.Release|Any CPU.Build.0 = Release|Any CPU
		{F95CC0AC-82D2-4976-BF73-18175A8E3A8D}.Debug|Any CPU.ActiveCfg = Debug|Any CPU
		{F95CC0AC-82D2-4976-BF73-18175A8E3A8D}.Debug|Any CPU.Build.0 = Debug|Any CPU
		{F95CC0AC-82D2-4976-BF73-18175A8E3A8D}.Release|Any CPU.ActiveCfg = Release|Any CPU
		{F95CC0AC-82D2-4976-BF73-18175A8E3A8D}.Release|Any CPU.Build.0 = Release|Any CPU
	EndGlobalSection
	GlobalSection(SolutionProperties) = preSolution
		HideSolutionNode = FALSE
	EndGlobalSection
	GlobalSection(ExtensibilityGlobals) = postSolution
		SolutionGuid = {FBE48EEA-3D91-4BBC-B183-0954CA735CFC}
	EndGlobalSection
EndGlobal
