
Microsoft Visual Studio Solution File, Format Version 12.00
# Visual Studio Version 17
VisualStudioVersion = 17.5.33209.295
MinimumVisualStudioVersion = 10.0.40219.1
Project("{9A19103F-16F7-4668-BE54-9A1E7A4F7556}") = "FoodDesire.Models", "FoodDesire.Models\FoodDesire.Models.csproj", "{927258F6-806F-4811-8B28-DCE5D4D0A214}"
EndProject
Project("{9A19103F-16F7-4668-BE54-9A1E7A4F7556}") = "FoodDesire.DAL", "FoodDesire.DAL\FoodDesire.DAL.csproj", "{F95CC0AC-82D2-4976-BF73-18175A8E3A8D}"
EndProject
Project("{9A19103F-16F7-4668-BE54-9A1E7A4F7556}") = "FoodDesire.DAL.Test", "FoodDesire.DAL.Test\FoodDesire.DAL.Test.csproj", "{1E8E0A44-B9DD-4344-9325-D0668FFA17C9}"
EndProject
Project("{9A19103F-16F7-4668-BE54-9A1E7A4F7556}") = "FoodDesire.Core", "FoodDesire.Core\FoodDesire.Core.csproj", "{C73780DB-D5B4-4F3B-B221-103489A40259}"
EndProject
Project("{9A19103F-16F7-4668-BE54-9A1E7A4F7556}") = "FoodDesire.Core.Test", "FoodDesire.Core.Test\FoodDesire.Core.Test.csproj", "{104B69AD-05B3-4AF5-9AA9-06E7DB199F56}"
EndProject
Project("{9A19103F-16F7-4668-BE54-9A1E7A4F7556}") = "FoodDesire.AppSettings", "FoodDesire.AppSettings\FoodDesire.AppSettings.csproj", "{B47AF11C-BE3A-4E25-8F8E-EDEDC0062270}"
EndProject
Project("{9A19103F-16F7-4668-BE54-9A1E7A4F7556}") = "FoodDesire.IMS", "FoodDesire.IMS\FoodDesire.IMS.csproj", "{FC36B6E5-8F48-4137-9DAA-4FD51F94FAED}"
EndProject
Project("{9A19103F-16F7-4668-BE54-9A1E7A4F7556}") = "FoodDesire.IMS.Core", "FoodDesire.IMS.Core\FoodDesire.IMS.Core.csproj", "{E1E36A27-753B-4E0F-93E5-800CCBAA0E50}"
EndProject
Project("{9A19103F-16F7-4668-BE54-9A1E7A4F7556}") = "FoodDesire.Web.API", "FoodDesire.Web.API\FoodDesire.Web.API.csproj", "{E43144A3-B2A5-4753-A2CA-7A9210351578}"
EndProject
Project("{9A19103F-16F7-4668-BE54-9A1E7A4F7556}") = "FoodDesire.ML.Model", "FoodDesire.ML.Model\FoodDesire.ML.Model.csproj", "{E50B9002-E642-4F29-8DFA-64D4A3EDE151}"
EndProject
Project("{9A19103F-16F7-4668-BE54-9A1E7A4F7556}") = "FoodDesire.Web.Client", "FoodDesire.Web.Client\FoodDesire.Web.Client.csproj", "{8C1D5C47-2D44-4326-9555-8FAB5D9B7074}"
EndProject
Global
	GlobalSection(SolutionConfigurationPlatforms) = preSolution
		Debug|Any CPU = Debug|Any CPU
		Debug|ARM64 = Debug|ARM64
		Debug|x64 = Debug|x64
		Debug|x86 = Debug|x86
		Release|Any CPU = Release|Any CPU
		Release|ARM64 = Release|ARM64
		Release|x64 = Release|x64
		Release|x86 = Release|x86
	EndGlobalSection
	GlobalSection(ProjectConfigurationPlatforms) = postSolution
		{927258F6-806F-4811-8B28-DCE5D4D0A214}.Debug|Any CPU.ActiveCfg = Debug|Any CPU
		{927258F6-806F-4811-8B28-DCE5D4D0A214}.Debug|Any CPU.Build.0 = Debug|Any CPU
		{927258F6-806F-4811-8B28-DCE5D4D0A214}.Debug|ARM64.ActiveCfg = Debug|Any CPU
		{927258F6-806F-4811-8B28-DCE5D4D0A214}.Debug|ARM64.Build.0 = Debug|Any CPU
		{927258F6-806F-4811-8B28-DCE5D4D0A214}.Debug|x64.ActiveCfg = Debug|Any CPU
		{927258F6-806F-4811-8B28-DCE5D4D0A214}.Debug|x64.Build.0 = Debug|Any CPU
		{927258F6-806F-4811-8B28-DCE5D4D0A214}.Debug|x86.ActiveCfg = Debug|Any CPU
		{927258F6-806F-4811-8B28-DCE5D4D0A214}.Debug|x86.Build.0 = Debug|Any CPU
		{927258F6-806F-4811-8B28-DCE5D4D0A214}.Release|Any CPU.ActiveCfg = Release|Any CPU
		{927258F6-806F-4811-8B28-DCE5D4D0A214}.Release|Any CPU.Build.0 = Release|Any CPU
		{927258F6-806F-4811-8B28-DCE5D4D0A214}.Release|ARM64.ActiveCfg = Release|Any CPU
		{927258F6-806F-4811-8B28-DCE5D4D0A214}.Release|ARM64.Build.0 = Release|Any CPU
		{927258F6-806F-4811-8B28-DCE5D4D0A214}.Release|x64.ActiveCfg = Release|Any CPU
		{927258F6-806F-4811-8B28-DCE5D4D0A214}.Release|x64.Build.0 = Release|Any CPU
		{927258F6-806F-4811-8B28-DCE5D4D0A214}.Release|x86.ActiveCfg = Release|Any CPU
		{927258F6-806F-4811-8B28-DCE5D4D0A214}.Release|x86.Build.0 = Release|Any CPU
		{F95CC0AC-82D2-4976-BF73-18175A8E3A8D}.Debug|Any CPU.ActiveCfg = Debug|Any CPU
		{F95CC0AC-82D2-4976-BF73-18175A8E3A8D}.Debug|Any CPU.Build.0 = Debug|Any CPU
		{F95CC0AC-82D2-4976-BF73-18175A8E3A8D}.Debug|ARM64.ActiveCfg = Debug|Any CPU
		{F95CC0AC-82D2-4976-BF73-18175A8E3A8D}.Debug|ARM64.Build.0 = Debug|Any CPU
		{F95CC0AC-82D2-4976-BF73-18175A8E3A8D}.Debug|x64.ActiveCfg = Debug|Any CPU
		{F95CC0AC-82D2-4976-BF73-18175A8E3A8D}.Debug|x64.Build.0 = Debug|Any CPU
		{F95CC0AC-82D2-4976-BF73-18175A8E3A8D}.Debug|x86.ActiveCfg = Debug|Any CPU
		{F95CC0AC-82D2-4976-BF73-18175A8E3A8D}.Debug|x86.Build.0 = Debug|Any CPU
		{F95CC0AC-82D2-4976-BF73-18175A8E3A8D}.Release|Any CPU.ActiveCfg = Release|Any CPU
		{F95CC0AC-82D2-4976-BF73-18175A8E3A8D}.Release|Any CPU.Build.0 = Release|Any CPU
		{F95CC0AC-82D2-4976-BF73-18175A8E3A8D}.Release|ARM64.ActiveCfg = Release|Any CPU
		{F95CC0AC-82D2-4976-BF73-18175A8E3A8D}.Release|ARM64.Build.0 = Release|Any CPU
		{F95CC0AC-82D2-4976-BF73-18175A8E3A8D}.Release|x64.ActiveCfg = Release|Any CPU
		{F95CC0AC-82D2-4976-BF73-18175A8E3A8D}.Release|x64.Build.0 = Release|Any CPU
		{F95CC0AC-82D2-4976-BF73-18175A8E3A8D}.Release|x86.ActiveCfg = Release|Any CPU
		{F95CC0AC-82D2-4976-BF73-18175A8E3A8D}.Release|x86.Build.0 = Release|Any CPU
		{1E8E0A44-B9DD-4344-9325-D0668FFA17C9}.Debug|Any CPU.ActiveCfg = Debug|Any CPU
		{1E8E0A44-B9DD-4344-9325-D0668FFA17C9}.Debug|Any CPU.Build.0 = Debug|Any CPU
		{1E8E0A44-B9DD-4344-9325-D0668FFA17C9}.Debug|ARM64.ActiveCfg = Debug|Any CPU
		{1E8E0A44-B9DD-4344-9325-D0668FFA17C9}.Debug|ARM64.Build.0 = Debug|Any CPU
		{1E8E0A44-B9DD-4344-9325-D0668FFA17C9}.Debug|x64.ActiveCfg = Debug|Any CPU
		{1E8E0A44-B9DD-4344-9325-D0668FFA17C9}.Debug|x64.Build.0 = Debug|Any CPU
		{1E8E0A44-B9DD-4344-9325-D0668FFA17C9}.Debug|x86.ActiveCfg = Debug|Any CPU
		{1E8E0A44-B9DD-4344-9325-D0668FFA17C9}.Debug|x86.Build.0 = Debug|Any CPU
		{1E8E0A44-B9DD-4344-9325-D0668FFA17C9}.Release|Any CPU.ActiveCfg = Release|Any CPU
		{1E8E0A44-B9DD-4344-9325-D0668FFA17C9}.Release|Any CPU.Build.0 = Release|Any CPU
		{1E8E0A44-B9DD-4344-9325-D0668FFA17C9}.Release|ARM64.ActiveCfg = Release|Any CPU
		{1E8E0A44-B9DD-4344-9325-D0668FFA17C9}.Release|ARM64.Build.0 = Release|Any CPU
		{1E8E0A44-B9DD-4344-9325-D0668FFA17C9}.Release|x64.ActiveCfg = Release|Any CPU
		{1E8E0A44-B9DD-4344-9325-D0668FFA17C9}.Release|x64.Build.0 = Release|Any CPU
		{1E8E0A44-B9DD-4344-9325-D0668FFA17C9}.Release|x86.ActiveCfg = Release|Any CPU
		{1E8E0A44-B9DD-4344-9325-D0668FFA17C9}.Release|x86.Build.0 = Release|Any CPU
		{C73780DB-D5B4-4F3B-B221-103489A40259}.Debug|Any CPU.ActiveCfg = Debug|Any CPU
		{C73780DB-D5B4-4F3B-B221-103489A40259}.Debug|Any CPU.Build.0 = Debug|Any CPU
		{C73780DB-D5B4-4F3B-B221-103489A40259}.Debug|ARM64.ActiveCfg = Debug|Any CPU
		{C73780DB-D5B4-4F3B-B221-103489A40259}.Debug|ARM64.Build.0 = Debug|Any CPU
		{C73780DB-D5B4-4F3B-B221-103489A40259}.Debug|x64.ActiveCfg = Debug|Any CPU
		{C73780DB-D5B4-4F3B-B221-103489A40259}.Debug|x64.Build.0 = Debug|Any CPU
		{C73780DB-D5B4-4F3B-B221-103489A40259}.Debug|x86.ActiveCfg = Debug|Any CPU
		{C73780DB-D5B4-4F3B-B221-103489A40259}.Debug|x86.Build.0 = Debug|Any CPU
		{C73780DB-D5B4-4F3B-B221-103489A40259}.Release|Any CPU.ActiveCfg = Release|Any CPU
		{C73780DB-D5B4-4F3B-B221-103489A40259}.Release|Any CPU.Build.0 = Release|Any CPU
		{C73780DB-D5B4-4F3B-B221-103489A40259}.Release|ARM64.ActiveCfg = Release|Any CPU
		{C73780DB-D5B4-4F3B-B221-103489A40259}.Release|ARM64.Build.0 = Release|Any CPU
		{C73780DB-D5B4-4F3B-B221-103489A40259}.Release|x64.ActiveCfg = Release|Any CPU
		{C73780DB-D5B4-4F3B-B221-103489A40259}.Release|x64.Build.0 = Release|Any CPU
		{C73780DB-D5B4-4F3B-B221-103489A40259}.Release|x86.ActiveCfg = Release|Any CPU
		{C73780DB-D5B4-4F3B-B221-103489A40259}.Release|x86.Build.0 = Release|Any CPU
		{104B69AD-05B3-4AF5-9AA9-06E7DB199F56}.Debug|Any CPU.ActiveCfg = Debug|Any CPU
		{104B69AD-05B3-4AF5-9AA9-06E7DB199F56}.Debug|Any CPU.Build.0 = Debug|Any CPU
		{104B69AD-05B3-4AF5-9AA9-06E7DB199F56}.Debug|ARM64.ActiveCfg = Debug|Any CPU
		{104B69AD-05B3-4AF5-9AA9-06E7DB199F56}.Debug|ARM64.Build.0 = Debug|Any CPU
		{104B69AD-05B3-4AF5-9AA9-06E7DB199F56}.Debug|x64.ActiveCfg = Debug|Any CPU
		{104B69AD-05B3-4AF5-9AA9-06E7DB199F56}.Debug|x64.Build.0 = Debug|Any CPU
		{104B69AD-05B3-4AF5-9AA9-06E7DB199F56}.Debug|x86.ActiveCfg = Debug|Any CPU
		{104B69AD-05B3-4AF5-9AA9-06E7DB199F56}.Debug|x86.Build.0 = Debug|Any CPU
		{104B69AD-05B3-4AF5-9AA9-06E7DB199F56}.Release|Any CPU.ActiveCfg = Release|Any CPU
		{104B69AD-05B3-4AF5-9AA9-06E7DB199F56}.Release|Any CPU.Build.0 = Release|Any CPU
		{104B69AD-05B3-4AF5-9AA9-06E7DB199F56}.Release|ARM64.ActiveCfg = Release|Any CPU
		{104B69AD-05B3-4AF5-9AA9-06E7DB199F56}.Release|ARM64.Build.0 = Release|Any CPU
		{104B69AD-05B3-4AF5-9AA9-06E7DB199F56}.Release|x64.ActiveCfg = Release|Any CPU
		{104B69AD-05B3-4AF5-9AA9-06E7DB199F56}.Release|x64.Build.0 = Release|Any CPU
		{104B69AD-05B3-4AF5-9AA9-06E7DB199F56}.Release|x86.ActiveCfg = Release|Any CPU
		{104B69AD-05B3-4AF5-9AA9-06E7DB199F56}.Release|x86.Build.0 = Release|Any CPU
		{B47AF11C-BE3A-4E25-8F8E-EDEDC0062270}.Debug|Any CPU.ActiveCfg = Debug|Any CPU
		{B47AF11C-BE3A-4E25-8F8E-EDEDC0062270}.Debug|Any CPU.Build.0 = Debug|Any CPU
		{B47AF11C-BE3A-4E25-8F8E-EDEDC0062270}.Debug|ARM64.ActiveCfg = Debug|Any CPU
		{B47AF11C-BE3A-4E25-8F8E-EDEDC0062270}.Debug|ARM64.Build.0 = Debug|Any CPU
		{B47AF11C-BE3A-4E25-8F8E-EDEDC0062270}.Debug|x64.ActiveCfg = Debug|Any CPU
		{B47AF11C-BE3A-4E25-8F8E-EDEDC0062270}.Debug|x64.Build.0 = Debug|Any CPU
		{B47AF11C-BE3A-4E25-8F8E-EDEDC0062270}.Debug|x86.ActiveCfg = Debug|Any CPU
		{B47AF11C-BE3A-4E25-8F8E-EDEDC0062270}.Debug|x86.Build.0 = Debug|Any CPU
		{B47AF11C-BE3A-4E25-8F8E-EDEDC0062270}.Release|Any CPU.ActiveCfg = Release|Any CPU
		{B47AF11C-BE3A-4E25-8F8E-EDEDC0062270}.Release|Any CPU.Build.0 = Release|Any CPU
		{B47AF11C-BE3A-4E25-8F8E-EDEDC0062270}.Release|ARM64.ActiveCfg = Release|Any CPU
		{B47AF11C-BE3A-4E25-8F8E-EDEDC0062270}.Release|ARM64.Build.0 = Release|Any CPU
		{B47AF11C-BE3A-4E25-8F8E-EDEDC0062270}.Release|x64.ActiveCfg = Release|Any CPU
		{B47AF11C-BE3A-4E25-8F8E-EDEDC0062270}.Release|x64.Build.0 = Release|Any CPU
		{B47AF11C-BE3A-4E25-8F8E-EDEDC0062270}.Release|x86.ActiveCfg = Release|Any CPU
		{B47AF11C-BE3A-4E25-8F8E-EDEDC0062270}.Release|x86.Build.0 = Release|Any CPU
		{FC36B6E5-8F48-4137-9DAA-4FD51F94FAED}.Debug|Any CPU.ActiveCfg = Debug|x64
		{FC36B6E5-8F48-4137-9DAA-4FD51F94FAED}.Debug|Any CPU.Build.0 = Debug|x64
		{FC36B6E5-8F48-4137-9DAA-4FD51F94FAED}.Debug|Any CPU.Deploy.0 = Debug|x64
		{FC36B6E5-8F48-4137-9DAA-4FD51F94FAED}.Debug|ARM64.ActiveCfg = Debug|arm64
		{FC36B6E5-8F48-4137-9DAA-4FD51F94FAED}.Debug|ARM64.Build.0 = Debug|arm64
		{FC36B6E5-8F48-4137-9DAA-4FD51F94FAED}.Debug|ARM64.Deploy.0 = Debug|arm64
		{FC36B6E5-8F48-4137-9DAA-4FD51F94FAED}.Debug|x64.ActiveCfg = Debug|x64
		{FC36B6E5-8F48-4137-9DAA-4FD51F94FAED}.Debug|x64.Build.0 = Debug|x64
		{FC36B6E5-8F48-4137-9DAA-4FD51F94FAED}.Debug|x64.Deploy.0 = Debug|x64
		{FC36B6E5-8F48-4137-9DAA-4FD51F94FAED}.Debug|x86.ActiveCfg = Debug|x86
		{FC36B6E5-8F48-4137-9DAA-4FD51F94FAED}.Debug|x86.Build.0 = Debug|x86
		{FC36B6E5-8F48-4137-9DAA-4FD51F94FAED}.Debug|x86.Deploy.0 = Debug|x86
		{FC36B6E5-8F48-4137-9DAA-4FD51F94FAED}.Release|Any CPU.ActiveCfg = Release|x64
		{FC36B6E5-8F48-4137-9DAA-4FD51F94FAED}.Release|Any CPU.Build.0 = Release|x64
		{FC36B6E5-8F48-4137-9DAA-4FD51F94FAED}.Release|Any CPU.Deploy.0 = Release|x64
		{FC36B6E5-8F48-4137-9DAA-4FD51F94FAED}.Release|ARM64.ActiveCfg = Release|arm64
		{FC36B6E5-8F48-4137-9DAA-4FD51F94FAED}.Release|ARM64.Build.0 = Release|arm64
		{FC36B6E5-8F48-4137-9DAA-4FD51F94FAED}.Release|ARM64.Deploy.0 = Release|arm64
		{FC36B6E5-8F48-4137-9DAA-4FD51F94FAED}.Release|x64.ActiveCfg = Release|x64
		{FC36B6E5-8F48-4137-9DAA-4FD51F94FAED}.Release|x64.Build.0 = Release|x64
		{FC36B6E5-8F48-4137-9DAA-4FD51F94FAED}.Release|x64.Deploy.0 = Release|x64
		{FC36B6E5-8F48-4137-9DAA-4FD51F94FAED}.Release|x86.ActiveCfg = Release|x86
		{FC36B6E5-8F48-4137-9DAA-4FD51F94FAED}.Release|x86.Build.0 = Release|x86
		{FC36B6E5-8F48-4137-9DAA-4FD51F94FAED}.Release|x86.Deploy.0 = Release|x86
		{E1E36A27-753B-4E0F-93E5-800CCBAA0E50}.Debug|Any CPU.ActiveCfg = Debug|Any CPU
		{E1E36A27-753B-4E0F-93E5-800CCBAA0E50}.Debug|Any CPU.Build.0 = Debug|Any CPU
		{E1E36A27-753B-4E0F-93E5-800CCBAA0E50}.Debug|ARM64.ActiveCfg = Debug|arm64
		{E1E36A27-753B-4E0F-93E5-800CCBAA0E50}.Debug|ARM64.Build.0 = Debug|arm64
		{E1E36A27-753B-4E0F-93E5-800CCBAA0E50}.Debug|x64.ActiveCfg = Debug|x64
		{E1E36A27-753B-4E0F-93E5-800CCBAA0E50}.Debug|x64.Build.0 = Debug|x64
		{E1E36A27-753B-4E0F-93E5-800CCBAA0E50}.Debug|x86.ActiveCfg = Debug|x86
		{E1E36A27-753B-4E0F-93E5-800CCBAA0E50}.Debug|x86.Build.0 = Debug|x86
		{E1E36A27-753B-4E0F-93E5-800CCBAA0E50}.Release|Any CPU.ActiveCfg = Release|Any CPU
		{E1E36A27-753B-4E0F-93E5-800CCBAA0E50}.Release|Any CPU.Build.0 = Release|Any CPU
		{E1E36A27-753B-4E0F-93E5-800CCBAA0E50}.Release|ARM64.ActiveCfg = Release|arm64
		{E1E36A27-753B-4E0F-93E5-800CCBAA0E50}.Release|ARM64.Build.0 = Release|arm64
		{E1E36A27-753B-4E0F-93E5-800CCBAA0E50}.Release|x64.ActiveCfg = Release|x64
		{E1E36A27-753B-4E0F-93E5-800CCBAA0E50}.Release|x64.Build.0 = Release|x64
		{E1E36A27-753B-4E0F-93E5-800CCBAA0E50}.Release|x86.ActiveCfg = Release|x86
		{E1E36A27-753B-4E0F-93E5-800CCBAA0E50}.Release|x86.Build.0 = Release|x86
		{E43144A3-B2A5-4753-A2CA-7A9210351578}.Debug|Any CPU.ActiveCfg = Debug|Any CPU
		{E43144A3-B2A5-4753-A2CA-7A9210351578}.Debug|Any CPU.Build.0 = Debug|Any CPU
		{E43144A3-B2A5-4753-A2CA-7A9210351578}.Debug|ARM64.ActiveCfg = Debug|Any CPU
		{E43144A3-B2A5-4753-A2CA-7A9210351578}.Debug|ARM64.Build.0 = Debug|Any CPU
		{E43144A3-B2A5-4753-A2CA-7A9210351578}.Debug|x64.ActiveCfg = Debug|Any CPU
		{E43144A3-B2A5-4753-A2CA-7A9210351578}.Debug|x64.Build.0 = Debug|Any CPU
		{E43144A3-B2A5-4753-A2CA-7A9210351578}.Debug|x86.ActiveCfg = Debug|Any CPU
		{E43144A3-B2A5-4753-A2CA-7A9210351578}.Debug|x86.Build.0 = Debug|Any CPU
		{E43144A3-B2A5-4753-A2CA-7A9210351578}.Release|Any CPU.ActiveCfg = Release|Any CPU
		{E43144A3-B2A5-4753-A2CA-7A9210351578}.Release|Any CPU.Build.0 = Release|Any CPU
		{E43144A3-B2A5-4753-A2CA-7A9210351578}.Release|ARM64.ActiveCfg = Release|Any CPU
		{E43144A3-B2A5-4753-A2CA-7A9210351578}.Release|ARM64.Build.0 = Release|Any CPU
		{E43144A3-B2A5-4753-A2CA-7A9210351578}.Release|x64.ActiveCfg = Release|Any CPU
		{E43144A3-B2A5-4753-A2CA-7A9210351578}.Release|x64.Build.0 = Release|Any CPU
		{E43144A3-B2A5-4753-A2CA-7A9210351578}.Release|x86.ActiveCfg = Release|Any CPU
		{E43144A3-B2A5-4753-A2CA-7A9210351578}.Release|x86.Build.0 = Release|Any CPU
		{E50B9002-E642-4F29-8DFA-64D4A3EDE151}.Debug|Any CPU.ActiveCfg = Debug|Any CPU
		{E50B9002-E642-4F29-8DFA-64D4A3EDE151}.Debug|Any CPU.Build.0 = Debug|Any CPU
		{E50B9002-E642-4F29-8DFA-64D4A3EDE151}.Debug|ARM64.ActiveCfg = Debug|Any CPU
		{E50B9002-E642-4F29-8DFA-64D4A3EDE151}.Debug|ARM64.Build.0 = Debug|Any CPU
		{E50B9002-E642-4F29-8DFA-64D4A3EDE151}.Debug|x64.ActiveCfg = Debug|Any CPU
		{E50B9002-E642-4F29-8DFA-64D4A3EDE151}.Debug|x64.Build.0 = Debug|Any CPU
		{E50B9002-E642-4F29-8DFA-64D4A3EDE151}.Debug|x86.ActiveCfg = Debug|Any CPU
		{E50B9002-E642-4F29-8DFA-64D4A3EDE151}.Debug|x86.Build.0 = Debug|Any CPU
		{E50B9002-E642-4F29-8DFA-64D4A3EDE151}.Release|Any CPU.ActiveCfg = Release|Any CPU
		{E50B9002-E642-4F29-8DFA-64D4A3EDE151}.Release|Any CPU.Build.0 = Release|Any CPU
		{E50B9002-E642-4F29-8DFA-64D4A3EDE151}.Release|ARM64.ActiveCfg = Release|Any CPU
		{E50B9002-E642-4F29-8DFA-64D4A3EDE151}.Release|ARM64.Build.0 = Release|Any CPU
		{E50B9002-E642-4F29-8DFA-64D4A3EDE151}.Release|x64.ActiveCfg = Release|Any CPU
		{E50B9002-E642-4F29-8DFA-64D4A3EDE151}.Release|x64.Build.0 = Release|Any CPU
		{E50B9002-E642-4F29-8DFA-64D4A3EDE151}.Release|x86.ActiveCfg = Release|Any CPU
		{E50B9002-E642-4F29-8DFA-64D4A3EDE151}.Release|x86.Build.0 = Release|Any CPU
		{8C1D5C47-2D44-4326-9555-8FAB5D9B7074}.Debug|Any CPU.ActiveCfg = Debug|Any CPU
		{8C1D5C47-2D44-4326-9555-8FAB5D9B7074}.Debug|Any CPU.Build.0 = Debug|Any CPU
		{8C1D5C47-2D44-4326-9555-8FAB5D9B7074}.Debug|ARM64.ActiveCfg = Debug|Any CPU
		{8C1D5C47-2D44-4326-9555-8FAB5D9B7074}.Debug|ARM64.Build.0 = Debug|Any CPU
		{8C1D5C47-2D44-4326-9555-8FAB5D9B7074}.Debug|x64.ActiveCfg = Debug|Any CPU
		{8C1D5C47-2D44-4326-9555-8FAB5D9B7074}.Debug|x64.Build.0 = Debug|Any CPU
		{8C1D5C47-2D44-4326-9555-8FAB5D9B7074}.Debug|x86.ActiveCfg = Debug|Any CPU
		{8C1D5C47-2D44-4326-9555-8FAB5D9B7074}.Debug|x86.Build.0 = Debug|Any CPU
		{8C1D5C47-2D44-4326-9555-8FAB5D9B7074}.Release|Any CPU.ActiveCfg = Release|Any CPU
		{8C1D5C47-2D44-4326-9555-8FAB5D9B7074}.Release|Any CPU.Build.0 = Release|Any CPU
		{8C1D5C47-2D44-4326-9555-8FAB5D9B7074}.Release|ARM64.ActiveCfg = Release|Any CPU
		{8C1D5C47-2D44-4326-9555-8FAB5D9B7074}.Release|ARM64.Build.0 = Release|Any CPU
		{8C1D5C47-2D44-4326-9555-8FAB5D9B7074}.Release|x64.ActiveCfg = Release|Any CPU
		{8C1D5C47-2D44-4326-9555-8FAB5D9B7074}.Release|x64.Build.0 = Release|Any CPU
		{8C1D5C47-2D44-4326-9555-8FAB5D9B7074}.Release|x86.ActiveCfg = Release|Any CPU
		{8C1D5C47-2D44-4326-9555-8FAB5D9B7074}.Release|x86.Build.0 = Release|Any CPU
	EndGlobalSection
	GlobalSection(SolutionProperties) = preSolution
		HideSolutionNode = FALSE
	EndGlobalSection
	GlobalSection(ExtensibilityGlobals) = postSolution
		SolutionGuid = {FBE48EEA-3D91-4BBC-B183-0954CA735CFC}
	EndGlobalSection
EndGlobal
